hash: a19fbe7989a5adafa49e4621db2f3727e48c9bdaaa3502b3528dcc78cb9de93c
updated: 2019-06-15T23:09:28.287592-05:00
imports:
- name: github.com/adlio/trello
  version: e1e1a7dbfd4be4191ba1281918f2760ac753d0b5
- name: github.com/inconshreveable/mousetrap
  version: 76626ae9c91c4f2a10f34cad8ce83ea42c93bb75
- name: github.com/pkg/errors
  version: 27936f6d90f9c8e1145f11ed52ffffbfdb9e0af7
- name: github.com/spf13/cobra
  version: f2b07da1e2c38d5f12845a4f607e2e1018cbb1f5
- name: github.com/spf13/pflag
  version: 24fa6976df40757dce6aea913e7b81ade90530e1
- name: gopkg.in/yaml.v3
  version: 55513cacd4ae8b250e3a9084ab9d8c407b1ed618
testImports: []
